
Microsoft Visual Studio Solution File, Format Version 12.00
# Visual Studio 15
VisualStudioVersion = 15.0.27130.2027
MinimumVisualStudioVersion = 10.0.40219.1
Project("{FAE04EC0-301F-11D3-BF4B-00C04F79EFBC}") = "TabbedPage.Android", "TabbedPage\TabbedPage.Android\TabbedPage.Android.csproj", "{50211E57-B94B-4CBD-94CC-D004E697DA9E}"
EndProject
Project("{FAE04EC0-301F-11D3-BF4B-00C04F79EFBC}") = "TabbedPage.iOS", "TabbedPage\TabbedPage.iOS\TabbedPage.iOS.csproj", "{4C1262C7-D48F-4DEC-82D1-DC092F53A1DB}"
EndProject
Project("{FAE04EC0-301F-11D3-BF4B-00C04F79EFBC}") = "TabbedPage", "TabbedPage\TabbedPage\TabbedPage.csproj", "{1A56EDD7-0D33-4876-A88D-DFC2104B6ACF}"
EndProject
Global
	GlobalSection(SolutionConfigurationPlatforms) = preSolution
		Ad-Hoc|Any CPU = Ad-Hoc|Any CPU
		Ad-Hoc|iPhone = Ad-Hoc|iPhone
		Ad-Hoc|iPhoneSimulator = Ad-Hoc|iPhoneSimulator
		AppStore|Any CPU = AppStore|Any CPU
		AppStore|iPhone = AppStore|iPhone
		AppStore|iPhoneSimulator = AppStore|iPhoneSimulator
		Debug|Any CPU = Debug|Any CPU
		Debug|iPhone = Debug|iPhone
		Debug|iPhoneSimulator = Debug|iPhoneSimulator
		Release|Any CPU = Release|Any CPU
		Release|iPhone = Release|iPhone
		Release|iPhoneSimulator = Release|iPhoneSimulator
	EndGlobalSection
	GlobalSection(ProjectConfigurationPlatforms) = postSolution
		{50211E57-B94B-4CBD-94CC-D004E697DA9E}.Ad-Hoc|Any CPU.ActiveCfg = Release|Any CPU
		{50211E57-B94B-4CBD-94CC-D004E697DA9E}.Ad-Hoc|Any CPU.Build.0 = Release|Any CPU
		{50211E57-B94B-4CBD-94CC-D004E697DA9E}.Ad-Hoc|Any CPU.Deploy.0 = Release|Any CPU
		{50211E57-B94B-4CBD-94CC-D004E697DA9E}.Ad-Hoc|iPhone.ActiveCfg = Release|Any CPU
		{50211E57-B94B-4CBD-94CC-D004E697DA9E}.Ad-Hoc|iPhone.Build.0 = Release|Any CPU
		{50211E57-B94B-4CBD-94CC-D004E697DA9E}.Ad-Hoc|iPhone.Deploy.0 = Release|Any CPU
		{50211E57-B94B-4CBD-94CC-D004E697DA9E}.Ad-Hoc|iPhoneSimulator.ActiveCfg = Release|Any CPU
		{50211E57-B94B-4CBD-94CC-D004E697DA9E}.Ad-Hoc|iPhoneSimulator.Build.0 = Release|Any CPU
		{50211E57-B94B-4CBD-94CC-D004E697DA9E}.Ad-Hoc|iPhoneSimulator.Deploy.0 = Release|Any CPU
		{50211E57-B94B-4CBD-94CC-D004E697DA9E}.AppStore|Any CPU.ActiveCfg = Release|Any CPU
		{50211E57-B94B-4CBD-94CC-D004E697DA9E}.AppStore|Any CPU.Build.0 = Release|Any CPU
		{50211E57-B94B-4CBD-94CC-D004E697DA9E}.AppStore|Any CPU.Deploy.0 = Release|Any CPU
		{50211E57-B94B-4CBD-94CC-D004E697DA9E}.AppStore|iPhone.ActiveCfg = Release|Any CPU
		{50211E57-B94B-4CBD-94CC-D004E697DA9E}.AppStore|iPhone.Build.0 = Release|Any CPU
		{50211E57-B94B-4CBD-94CC-D004E697DA9E}.AppStore|iPhone.Deploy.0 = Release|Any CPU
		{50211E57-B94B-4CBD-94CC-D004E697DA9E}.AppStore|iPhoneSimulator.ActiveCfg = Release|Any CPU
		{50211E57-B94B-4CBD-94CC-D004E697DA9E}.AppStore|iPhoneSimulator.Build.0 = Release|Any CPU
		{50211E57-B94B-4CBD-94CC-D004E697DA9E}.AppStore|iPhoneSimulator.Deploy.0 = Release|Any CPU
		{50211E57-B94B-4CBD-94CC-D004E697DA9E}.Debug|Any CPU.ActiveCfg = Debug|Any CPU
		{50211E57-B94B-4CBD-94CC-D004E697DA9E}.Debug|Any CPU.Build.0 = Debug|Any CPU
		{50211E57-B94B-4CBD-94CC-D004E697DA9E}.Debug|Any CPU.Deploy.0 = Debug|Any CPU
		{50211E57-B94B-4CBD-94CC-D004E697DA9E}.Debug|iPhone.ActiveCfg = Debug|Any CPU
		{50211E57-B94B-4CBD-94CC-D004E697DA9E}.Debug|iPhone.Build.0 = Debug|Any CPU
		{50211E57-B94B-4CBD-94CC-D004E697DA9E}.Debug|iPhone.Deploy.0 = Debug|Any CPU
		{50211E57-B94B-4CBD-94CC-D004E697DA9E}.Debug|iPhoneSimulator.ActiveCfg = Debug|Any CPU
		{50211E57-B94B-4CBD-94CC-D004E697DA9E}.Debug|iPhoneSimulator.Build.0 = Debug|Any CPU
		{50211E57-B94B-4CBD-94CC-D004E697DA9E}.Debug|iPhoneSimulator.Deploy.0 = Debug|Any CPU
		{50211E57-B94B-4CBD-94CC-D004E697DA9E}.Release|Any CPU.ActiveCfg = Release|Any CPU
		{50211E57-B94B-4CBD-94CC-D004E697DA9E}.Release|Any CPU.Build.0 = Release|Any CPU
		{50211E57-B94B-4CBD-94CC-D004E697DA9E}.Release|Any CPU.Deploy.0 = Release|Any CPU
		{50211E57-B94B-4CBD-94CC-D004E697DA9E}.Release|iPhone.ActiveCfg = Release|Any CPU
		{50211E57-B94B-4CBD-94CC-D004E697DA9E}.Release|iPhone.Build.0 = Release|Any CPU
		{50211E57-B94B-4CBD-94CC-D004E697DA9E}.Release|iPhone.Deploy.0 = Release|Any CPU
		{50211E57-B94B-4CBD-94CC-D004E697DA9E}.Release|iPhoneSimulator.ActiveCfg = Release|Any CPU
		{50211E57-B94B-4CBD-94CC-D004E697DA9E}.Release|iPhoneSimulator.Build.0 = Release|Any CPU
		{50211E57-B94B-4CBD-94CC-D004E697DA9E}.Release|iPhoneSimulator.Deploy.0 = Release|Any CPU
		{4C1262C7-D48F-4DEC-82D1-DC092F53A1DB}.Ad-Hoc|Any CPU.ActiveCfg = Ad-Hoc|iPhone
		{4C1262C7-D48F-4DEC-82D1-DC092F53A1DB}.Ad-Hoc|iPhone.ActiveCfg = Ad-Hoc|iPhone
		{4C1262C7-D48F-4DEC-82D1-DC092F53A1DB}.Ad-Hoc|iPhone.Build.0 = Ad-Hoc|iPhone
		{4C1262C7-D48F-4DEC-82D1-DC092F53A1DB}.Ad-Hoc|iPhoneSimulator.ActiveCfg = Ad-Hoc|iPhoneSimulator
		{4C1262C7-D48F-4DEC-82D1-DC092F53A1DB}.Ad-Hoc|iPhoneSimulator.Build.0 = Ad-Hoc|iPhoneSimulator
		{4C1262C7-D48F-4DEC-82D1-DC092F53A1DB}.AppStore|Any CPU.ActiveCfg = AppStore|iPhone
		{4C1262C7-D48F-4DEC-82D1-DC092F53A1DB}.AppStore|iPhone.ActiveCfg = AppStore|iPhone
		{4C1262C7-D48F-4DEC-82D1-DC092F53A1DB}.AppStore|iPhone.Build.0 = AppStore|iPhone
		{4C1262C7-D48F-4DEC-82D1-DC092F53A1DB}.AppStore|iPhoneSimulator.ActiveCfg = AppStore|iPhoneSimulator
		{4C1262C7-D48F-4DEC-82D1-DC092F53A1DB}.AppStore|iPhoneSimulator.Build.0 = AppStore|iPhoneSimulator
		{4C1262C7-D48F-4DEC-82D1-DC092F53A1DB}.Debug|Any CPU.ActiveCfg = Debug|iPhone
		{4C1262C7-D48F-4DEC-82D1-DC092F53A1DB}.Debug|iPhone.ActiveCfg = Debug|iPhone
		{4C1262C7-D48F-4DEC-82D1-DC092F53A1DB}.Debug|iPhone.Build.0 = Debug|iPhone
		{4C1262C7-D48F-4DEC-82D1-DC092F53A1DB}.Debug|iPhoneSimulator.ActiveCfg = Debug|iPhoneSimulator
		{4C1262C7-D48F-4DEC-82D1-DC092F53A1DB}.Debug|iPhoneSimulator.Build.0 = Debug|iPhoneSimulator
		{4C1262C7-D48F-4DEC-82D1-DC092F53A1DB}.Release|Any CPU.ActiveCfg = Release|iPhone
		{4C1262C7-D48F-4DEC-82D1-DC092F53A1DB}.Release|iPhone.ActiveCfg = Release|iPhone
		{4C1262C7-D48F-4DEC-82D1-DC092F53A1DB}.Release|iPhone.Build.0 = Release|iPhone
		{4C1262C7-D48F-4DEC-82D1-DC092F53A1DB}.Release|iPhoneSimulator.ActiveCfg = Release|iPhoneSimulator
		{4C1262C7-D48F-4DEC-82D1-DC092F53A1DB}.Release|iPhoneSimulator.Build.0 = Release|iPhoneSimulator
		{1A56EDD7-0D33-4876-A88D-DFC2104B6ACF}.Ad-Hoc|Any CPU.ActiveCfg = Debug|Any CPU
		{1A56EDD7-0D33-4876-A88D-DFC2104B6ACF}.Ad-Hoc|Any CPU.Build.0 = Debug|Any CPU
		{1A56EDD7-0D33-4876-A88D-DFC2104B6ACF}.Ad-Hoc|iPhone.ActiveCfg = Debug|Any CPU
		{1A56EDD7-0D33-4876-A88D-DFC2104B6ACF}.Ad-Hoc|iPhone.Build.0 = Debug|Any CPU
		{1A56EDD7-0D33-4876-A88D-DFC2104B6ACF}.Ad-Hoc|iPhoneSimulator.ActiveCfg = Debug|Any CPU
		{1A56EDD7-0D33-4876-A88D-DFC2104B6ACF}.Ad-Hoc|iPhoneSimulator.Build.0 = Debug|Any CPU
		{1A56EDD7-0D33-4876-A88D-DFC2104B6ACF}.AppStore|Any CPU.ActiveCfg = Debug|Any CPU
		{1A56EDD7-0D33-4876-A88D-DFC2104B6ACF}.AppStore|Any CPU.Build.0 = Debug|Any CPU
		{1A56EDD7-0D33-4876-A88D-DFC2104B6ACF}.AppStore|iPhone.ActiveCfg = Debug|Any CPU
		{1A56EDD7-0D33-4876-A88D-DFC2104B6ACF}.AppStore|iPhone.Build.0 = Debug|Any CPU
		{1A56EDD7-0D33-4876-A88D-DFC2104B6ACF}.AppStore|iPhoneSimulator.ActiveCfg = Debug|Any CPU
		{1A56EDD7-0D33-4876-A88D-DFC2104B6ACF}.AppStore|iPhoneSimulator.Build.0 = Debug|Any CPU
		{1A56EDD7-0D33-4876-A88D-DFC2104B6ACF}.Debug|Any CPU.ActiveCfg = Debug|Any CPU
		{1A56EDD7-0D33-4876-A88D-DFC2104B6ACF}.Debug|Any CPU.Build.0 = Debug|Any CPU
		{1A56EDD7-0D33-4876-A88D-DFC2104B6ACF}.Debug|iPhone.ActiveCfg = Debug|Any CPU
		{1A56EDD7-0D33-4876-A88D-DFC2104B6ACF}.Debug|iPhone.Build.0 = Debug|Any CPU
		{1A56EDD7-0D33-4876-A88D-DFC2104B6ACF}.Debug|iPhoneSimulator.ActiveCfg = Debug|Any CPU
		{1A56EDD7-0D33-4876-A88D-DFC2104B6ACF}.Debug|iPhoneSimulator.Build.0 = Debug|Any CPU
		{1A56EDD7-0D33-4876-A88D-DFC2104B6ACF}.Release|Any CPU.ActiveCfg = Release|Any CPU
		{1A56EDD7-0D33-4876-A88D-DFC2104B6ACF}.Release|Any CPU.Build.0 = Release|Any CPU
		{1A56EDD7-0D33-4876-A88D-DFC2104B6ACF}.Release|iPhone.ActiveCfg = Release|Any CPU
		{1A56EDD7-0D33-4876-A88D-DFC2104B6ACF}.Release|iPhone.Build.0 = Release|Any CPU
		{1A56EDD7-0D33-4876-A88D-DFC2104B6ACF}.Release|iPhoneSimulator.ActiveCfg = Release|Any CPU
		{1A56EDD7-0D33-4876-A88D-DFC2104B6ACF}.Release|iPhoneSimulator.Build.0 = Release|Any CPU
	EndGlobalSection
	GlobalSection(SolutionProperties) = preSolution
		HideSolutionNode = FALSE
	EndGlobalSection
	GlobalSection(ExtensibilityGlobals) = postSolution
		SolutionGuid = {667C6C50-52AF-4E46-881D-7617EB7A8C3A}
	EndGlobalSection
EndGlobal
